{
  "name": "angular_and_nest",
  "version": "1.0.0",
  "lockfileVersion": 1,
  "requires": true,
  "dependencies": {
    "@nestjs/serve-static": {
      "version": "1.0.2",
      "resolved": "https://registry.npmjs.org/@nestjs/serve-static/-/serve-static-1.0.2.tgz",
      "integrity": "sha512-PRTrmytKXGSDYJn8i0I/XiSV01tygh4L0SR5bq1/zxIT5HHK/edmlULKfHeeA2pHQV7YLxMH33al/TPlcn4tXQ=="
    }
  }
}
